// !$*UTF8*$!
{
	archiveVersion = 1;
	classes = {
	};
	objectVersion = 77;
	objects = {

/* Begin PBXBuildFile section */
		41F947BD2D85B4EA00F1C6F9 /* Black Screen Project Watch App.app in Embed Watch Content */ = {isa = PBXBuildFile; fileRef = 41F947BC2D85B4EA00F1C6F9 /* Black Screen Project Watch App.app */; settings = {ATTRIBUTES = (RemoveHeadersOnCopy, ); }; };
/* End PBXBuildFile section */

/* Begin PBXContainerItemProxy section */
		41F947A72D85B4EA00F1C6F9 /* PBXContainerItemProxy */ = {
			isa = PBXContainerItemProxy;
			containerPortal = 41F9478E2D85B4E900F1C6F9 /* Project object */;
			proxyType = 1;
			remoteGlobalIDString = 41F947952D85B4E900F1C6F9;
			remoteInfo = "Black Screen Project";
		};
		41F947B12D85B4EA00F1C6F9 /* PBXContainerItemProxy */ = {
			isa = PBXContainerItemProxy;
			containerPortal = 41F9478E2D85B4E900F1C6F9 /* Project object */;
			proxyType = 1;
			remoteGlobalIDString = 41F947952D85B4E900F1C6F9;
			remoteInfo = "Black Screen Project";
		};
		41F947BE2D85B4EA00F1C6F9 /* PBXContainerItemProxy */ = {
			isa = PBXContainerItemProxy;
			containerPortal = 41F9478E2D85B4E900F1C6F9 /* Project object */;
			proxyType = 1;
			remoteGlobalIDString = 41F947BB2D85B4EA00F1C6F9;
			remoteInfo = "Black Screen Project Watch App";
		};
		41F947CF2D85B4EB00F1C6F9 /* PBXContainerItemProxy */ = {
			isa = PBXContainerItemProxy;
			containerPortal = 41F9478E2D85B4E900F1C6F9 /* Project object */;
			proxyType = 1;
			remoteGlobalIDString = 41F947BB2D85B4EA00F1C6F9;
			remoteInfo = "Black Screen Project Watch App";
		};
		41F947D92D85B4EB00F1C6F9 /* PBXContainerItemProxy */ = {
			isa = PBXContainerItemProxy;
			containerPortal = 41F9478E2D85B4E900F1C6F9 /* Project object */;
			proxyType = 1;
			remoteGlobalIDString = 41F947BB2D85B4EA00F1C6F9;
			remoteInfo = "Black Screen Project Watch App";
		};
/* End PBXContainerItemProxy section */

/* Begin PBXCopyFilesBuildPhase section */
		41F947E52D85B4EB00F1C6F9 /* Embed Watch Content */ = {
			isa = PBXCopyFilesBuildPhase;
			buildActionMask = 2147483647;
			dstPath = "$(CONTENTS_FOLDER_PATH)/Watch";
			dstSubfolderSpec = 16;
			files = (
				41F947BD2D85B4EA00F1C6F9 /* Black Screen Project Watch App.app in Embed Watch Content */,
			);
			name = "Embed Watch Content";
			runOnlyForDeploymentPostprocessing = 0;
		};
/* End PBXCopyFilesBuildPhase section */

/* Begin PBXFileReference section */
		41F947962D85B4E900F1C6F9 /* Black Screen Project.app */ = {isa = PBXFileReference; explicitFileType = wrapper.application; includeInIndex = 0; path = "Black Screen Project.app"; sourceTree = BUILT_PRODUCTS_DIR; };
		41F947A62D85B4EA00F1C6F9 /* Black Screen ProjectTests.xctest */ = {isa = PBXFileReference; explicitFileType = wrapper.cfbundle; includeInIndex = 0; path = "Black Screen ProjectTests.xctest"; sourceTree = BUILT_PRODUCTS_DIR; };
		41F947B02D85B4EA00F1C6F9 /* Black Screen ProjectUITests.xctest */ = {isa = PBXFileReference; explicitFileType = wrapper.cfbundle; includeInIndex = 0; path = "Black Screen ProjectUITests.xctest"; sourceTree = BUILT_PRODUCTS_DIR; };
		41F947BC2D85B4EA00F1C6F9 /* Black Screen Project Watch App.app */ = {isa = PBXFileReference; explicitFileType = wrapper.application; includeInIndex = 0; path = "Black Screen Project Watch App.app"; sourceTree = BUILT_PRODUCTS_DIR; };
		41F947CE2D85B4EB00F1C6F9 /* Black Screen Project Watch AppTests.xctest */ = {isa = PBXFileReference; explicitFileType = wrapper.cfbundle; includeInIndex = 0; path = "Black Screen Project Watch AppTests.xctest"; sourceTree = BUILT_PRODUCTS_DIR; };
		41F947D82D85B4EB00F1C6F9 /* Black Screen Project Watch AppUITests.xctest */ = {isa = PBXFileReference; explicitFileType = wrapper.cfbundle; includeInIndex = 0; path = "Black Screen Project Watch AppUITests.xctest"; sourceTree = BUILT_PRODUCTS_DIR; };
/* End PBXFileReference section */

/* Begin PBXFileSystemSynchronizedRootGroup section */
		41F947982D85B4E900F1C6F9 /* Black Screen Project */ = {
			isa = PBXFileSystemSynchronizedRootGroup;
			path = "Black Screen Project";
			sourceTree = "<group>";
		};
		41F947A92D85B4EA00F1C6F9 /* Black Screen ProjectTests */ = {
			isa = PBXFileSystemSynchronizedRootGroup;
			path = "Black Screen ProjectTests";
			sourceTree = "<group>";
		};
		41F947B32D85B4EA00F1C6F9 /* Black Screen ProjectUITests */ = {
			isa = PBXFileSystemSynchronizedRootGroup;
			path = "Black Screen ProjectUITests";
			sourceTree = "<group>";
		};
		41F947C02D85B4EA00F1C6F9 /* Black Screen Project Watch App */ = {
			isa = PBXFileSystemSynchronizedRootGroup;
			path = "Black Screen Project Watch App";
			sourceTree = "<group>";
		};
		41F947D12D85B4EB00F1C6F9 /* Black Screen Project Watch AppTests */ = {
			isa = PBXFileSystemSynchronizedRootGroup;
			path = "Black Screen Project Watch AppTests";
			sourceTree = "<group>";
		};
		41F947DB2D85B4EB00F1C6F9 /* Black Screen Project Watch AppUITests */ = {
			isa = PBXFileSystemSynchronizedRootGroup;
			path = "Black Screen Project Watch AppUITests";
			sourceTree = "<group>";
		};
/* End PBXFileSystemSynchronizedRootGroup section */

/* Begin PBXFrameworksBuildPhase section */
		41F947932D85B4E900F1C6F9 /* Frameworks */ = {
			isa = PBXFrameworksBuildPhase;
			buildActionMask = 2147483647;
			files = (
			);
			runOnlyForDeploymentPostprocessing = 0;
		};
		41F947A32D85B4EA00F1C6F9 /* Frameworks */ = {
			isa = PBXFrameworksBuildPhase;
			buildActionMask = 2147483647;
			files = (
			);
			runOnlyForDeploymentPostprocessing = 0;
		};
		41F947AD2D85B4EA00F1C6F9 /* Frameworks */ = {
			isa = PBXFrameworksBuildPhase;
			buildActionMask = 2147483647;
			files = (
			);
			runOnlyForDeploymentPostprocessing = 0;
		};
		41F947B92D85B4EA00F1C6F9 /* Frameworks */ = {
			isa = PBXFrameworksBuildPhase;
			buildActionMask = 2147483647;
			files = (
			);
			runOnlyForDeploymentPostprocessing = 0;
		};
		41F947CB2D85B4EB00F1C6F9 /* Frameworks */ = {
			isa = PBXFrameworksBuildPhase;
			buildActionMask = 2147483647;
			files = (
			);
			runOnlyForDeploymentPostprocessing = 0;
		};
		41F947D52D85B4EB00F1C6F9 /* Frameworks */ = {
			isa = PBXFrameworksBuildPhase;
			buildActionMask = 2147483647;
			files = (
			);
			runOnlyForDeploymentPostprocessing = 0;
		};
/* End PBXFrameworksBuildPhase section */

/* Begin PBXGroup section */
		41F9478D2D85B4E900F1C6F9 = {
			isa = PBXGroup;
			children = (
				41F947982D85B4E900F1C6F9 /* Black Screen Project */,
				41F947A92D85B4EA00F1C6F9 /* Black Screen ProjectTests */,
				41F947B32D85B4EA00F1C6F9 /* Black Screen ProjectUITests */,
				41F947C02D85B4EA00F1C6F9 /* Black Screen Project Watch App */,
				41F947D12D85B4EB00F1C6F9 /* Black Screen Project Watch AppTests */,
				41F947DB2D85B4EB00F1C6F9 /* Black Screen Project Watch AppUITests */,
				41F947972D85B4E900F1C6F9 /* Products */,
			);
			sourceTree = "<group>";
		};
		41F947972D85B4E900F1C6F9 /* Products */ = {
			isa = PBXGroup;
			children = (
				41F947962D85B4E900F1C6F9 /* Black Screen Project.app */,
				41F947A62D85B4EA00F1C6F9 /* Black Screen ProjectTests.xctest */,
				41F947B02D85B4EA00F1C6F9 /* Black Screen ProjectUITests.xctest */,
				41F947BC2D85B4EA00F1C6F9 /* Black Screen Project Watch App.app */,
				41F947CE2D85B4EB00F1C6F9 /* Black Screen Project Watch AppTests.xctest */,
				41F947D82D85B4EB00F1C6F9 /* Black Screen Project Watch AppUITests.xctest */,
			);
			name = Products;
			sourceTree = "<group>";
		};
/* End PBXGroup section */

/* Begin PBXNativeTarget section */
		41F947952D85B4E900F1C6F9 /* Black Screen Project */ = {
			isa = PBXNativeTarget;
			buildConfigurationList = 41F947E62D85B4EB00F1C6F9 /* Build configuration list for PBXNativeTarget "Black Screen Project" */;
			buildPhases = (
				41F947922D85B4E900F1C6F9 /* Sources */,
				41F947932D85B4E900F1C6F9 /* Frameworks */,
				41F947942D85B4E900F1C6F9 /* Resources */,
				41F947E52D85B4EB00F1C6F9 /* Embed Watch Content */,
			);
			buildRules = (
			);
			dependencies = (
				41F947BF2D85B4EA00F1C6F9 /* PBXTargetDependency */,
			);
			fileSystemSynchronizedGroups = (
				41F947982D85B4E900F1C6F9 /* Black Screen Project */,
			);
			name = "Black Screen Project";
			packageProductDependencies = (
			);
			productName = "Black Screen Project";
			productReference = 41F947962D85B4E900F1C6F9 /* Black Screen Project.app */;
			productType = "com.apple.product-type.application";
		};
		41F947A52D85B4EA00F1C6F9 /* Black Screen ProjectTests */ = {
			isa = PBXNativeTarget;
			buildConfigurationList = 41F947E92D85B4EB00F1C6F9 /* Build configuration list for PBXNativeTarget "Black Screen ProjectTests" */;
			buildPhases = (
				41F947A22D85B4EA00F1C6F9 /* Sources */,
				41F947A32D85B4EA00F1C6F9 /* Frameworks */,
				41F947A42D85B4EA00F1C6F9 /* Resources */,
			);
			buildRules = (
			);
			dependencies = (
				41F947A82D85B4EA00F1C6F9 /* PBXTargetDependency */,
			);
			fileSystemSynchronizedGroups = (
				41F947A92D85B4EA00F1C6F9 /* Black Screen ProjectTests */,
			);
			name = "Black Screen ProjectTests";
			packageProductDependencies = (
			);
			productName = "Black Screen ProjectTests";
			productReference = 41F947A62D85B4EA00F1C6F9 /* Black Screen ProjectTests.xctest */;
			productType = "com.apple.product-type.bundle.unit-test";
		};
		41F947AF2D85B4EA00F1C6F9 /* Black Screen ProjectUITests */ = {
			isa = PBXNativeTarget;
			buildConfigurationList = 41F947EC2D85B4EB00F1C6F9 /* Build configuration list for PBXNativeTarget "Black Screen ProjectUITests" */;
			buildPhases = (
				41F947AC2D85B4EA00F1C6F9 /* Sources */,
				41F947AD2D85B4EA00F1C6F9 /* Frameworks */,
				41F947AE2D85B4EA00F1C6F9 /* Resources */,
			);
			buildRules = (
			);
			dependencies = (
				41F947B22D85B4EA00F1C6F9 /* PBXTargetDependency */,
			);
			fileSystemSynchronizedGroups = (
				41F947B32D85B4EA00F1C6F9 /* Black Screen ProjectUITests */,
			);
			name = "Black Screen ProjectUITests";
			packageProductDependencies = (
			);
			productName = "Black Screen ProjectUITests";
			productReference = 41F947B02D85B4EA00F1C6F9 /* Black Screen ProjectUITests.xctest */;
			productType = "com.apple.product-type.bundle.ui-testing";
		};
		41F947BB2D85B4EA00F1C6F9 /* Black Screen Project Watch App */ = {
			isa = PBXNativeTarget;
			buildConfigurationList = 41F947E22D85B4EB00F1C6F9 /* Build configuration list for PBXNativeTarget "Black Screen Project Watch App" */;
			buildPhases = (
				41F947B82D85B4EA00F1C6F9 /* Sources */,
				41F947B92D85B4EA00F1C6F9 /* Frameworks */,
				41F947BA2D85B4EA00F1C6F9 /* Resources */,
			);
			buildRules = (
			);
			dependencies = (
			);
			fileSystemSynchronizedGroups = (
				41F947C02D85B4EA00F1C6F9 /* Black Screen Project Watch App */,
			);
			name = "Black Screen Project Watch App";
			packageProductDependencies = (
			);
			productName = "Black Screen Project Watch App";
			productReference = 41F947BC2D85B4EA00F1C6F9 /* Black Screen Project Watch App.app */;
			productType = "com.apple.product-type.application";
		};
		41F947CD2D85B4EB00F1C6F9 /* Black Screen Project Watch AppTests */ = {
			isa = PBXNativeTarget;
			buildConfigurationList = 41F947EF2D85B4EB00F1C6F9 /* Build configuration list for PBXNativeTarget "Black Screen Project Watch AppTests" */;
			buildPhases = (
				41F947CA2D85B4EB00F1C6F9 /* Sources */,
				41F947CB2D85B4EB00F1C6F9 /* Frameworks */,
				41F947CC2D85B4EB00F1C6F9 /* Resources */,
			);
			buildRules = (
			);
			dependencies = (
				41F947D02D85B4EB00F1C6F9 /* PBXTargetDependency */,
			);
			fileSystemSynchronizedGroups = (
				41F947D12D85B4EB00F1C6F9 /* Black Screen Project Watch AppTests */,
			);
			name = "Black Screen Project Watch AppTests";
			packageProductDependencies = (
			);
			productName = "Black Screen Project Watch AppTests";
			productReference = 41F947CE2D85B4EB00F1C6F9 /* Black Screen Project Watch AppTests.xctest */;
			productType = "com.apple.product-type.bundle.unit-test";
		};
		41F947D72D85B4EB00F1C6F9 /* Black Screen Project Watch AppUITests */ = {
			isa = PBXNativeTarget;
			buildConfigurationList = 41F947F22D85B4EB00F1C6F9 /* Build configuration list for PBXNativeTarget "Black Screen Project Watch AppUITests" */;
			buildPhases = (
				41F947D42D85B4EB00F1C6F9 /* Sources */,
				41F947D52D85B4EB00F1C6F9 /* Frameworks */,
				41F947D62D85B4EB00F1C6F9 /* Resources */,
			);
			buildRules = (
			);
			dependencies = (
				41F947DA2D85B4EB00F1C6F9 /* PBXTargetDependency */,
			);
			fileSystemSynchronizedGroups = (
				41F947DB2D85B4EB00F1C6F9 /* Black Screen Project Watch AppUITests */,
			);
			name = "Black Screen Project Watch AppUITests";
			packageProductDependencies = (
			);
			productName = "Black Screen Project Watch AppUITests";
			productReference = 41F947D82D85B4EB00F1C6F9 /* Black Screen Project Watch AppUITests.xctest */;
			productType = "com.apple.product-type.bundle.ui-testing";
		};
/* End PBXNativeTarget section */

/* Begin PBXProject section */
		41F9478E2D85B4E900F1C6F9 /* Project object */ = {
			isa = PBXProject;
			attributes = {
				BuildIndependentTargetsInParallel = 1;
				LastSwiftUpdateCheck = 1620;
				LastUpgradeCheck = 1620;
				TargetAttributes = {
					41F947952D85B4E900F1C6F9 = {
						CreatedOnToolsVersion = 16.2;
					};
					41F947A52D85B4EA00F1C6F9 = {
						CreatedOnToolsVersion = 16.2;
						TestTargetID = 41F947952D85B4E900F1C6F9;
					};
					41F947AF2D85B4EA00F1C6F9 = {
						CreatedOnToolsVersion = 16.2;
						TestTargetID = 41F947952D85B4E900F1C6F9;
					};
					41F947BB2D85B4EA00F1C6F9 = {
						CreatedOnToolsVersion = 16.2;
					};
					41F947CD2D85B4EB00F1C6F9 = {
						CreatedOnToolsVersion = 16.2;
						TestTargetID = 41F947BB2D85B4EA00F1C6F9;
					};
					41F947D72D85B4EB00F1C6F9 = {
						CreatedOnToolsVersion = 16.2;
						TestTargetID = 41F947BB2D85B4EA00F1C6F9;
					};
				};
			};
			buildConfigurationList = 41F947912D85B4E900F1C6F9 /* Build configuration list for PBXProject "Black Screen Project" */;
			developmentRegion = en;
			hasScannedForEncodings = 0;
			knownRegions = (
				en,
				Base,
			);
			mainGroup = 41F9478D2D85B4E900F1C6F9;
			minimizedProjectReferenceProxies = 1;
			preferredProjectObjectVersion = 77;
			productRefGroup = 41F947972D85B4E900F1C6F9 /* Products */;
			projectDirPath = "";
			projectRoot = "";
			targets = (
				41F947952D85B4E900F1C6F9 /* Black Screen Project */,
				41F947A52D85B4EA00F1C6F9 /* Black Screen ProjectTests */,
				41F947AF2D85B4EA00F1C6F9 /* Black Screen ProjectUITests */,
				41F947BB2D85B4EA00F1C6F9 /* Black Screen Project Watch App */,
				41F947CD2D85B4EB00F1C6F9 /* Black Screen Project Watch AppTests */,
				41F947D72D85B4EB00F1C6F9 /* Black Screen Project Watch AppUITests */,
			);
		};
/* End PBXProject section */

/* Begin PBXResourcesBuildPhase section */
		41F947942D85B4E900F1C6F9 /* Resources */ = {
			isa = PBXResourcesBuildPhase;
			buildActionMask = 2147483647;
			files = (
			);
			runOnlyForDeploymentPostprocessing = 0;
		};
		41F947A42D85B4EA00F1C6F9 /* Resources */ = {
			isa = PBXResourcesBuildPhase;
			buildActionMask = 2147483647;
			files = (
			);
			runOnlyForDeploymentPostprocessing = 0;
		};
		41F947AE2D85B4EA00F1C6F9 /* Resources */ = {
			isa = PBXResourcesBuildPhase;
			buildActionMask = 2147483647;
			files = (
			);
			runOnlyForDeploymentPostprocessing = 0;
		};
		41F947BA2D85B4EA00F1C6F9 /* Resources */ = {
			isa = PBXResourcesBuildPhase;
			buildActionMask = 2147483647;
			files = (
			);
			runOnlyForDeploymentPostprocessing = 0;
		};
		41F947CC2D85B4EB00F1C6F9 /* Resources */ = {
			isa = PBXResourcesBuildPhase;
			buildActionMask = 2147483647;
			files = (
			);
			runOnlyForDeploymentPostprocessing = 0;
		};
		41F947D62D85B4EB00F1C6F9 /* Resources */ = {
			isa = PBXResourcesBuildPhase;
			buildActionMask = 2147483647;
			files = (
			);
			runOnlyForDeploymentPostprocessing = 0;
		};
/* End PBXResourcesBuildPhase section */

/* Begin PBXSourcesBuildPhase section */
		41F947922D85B4E900F1C6F9 /* Sources */ = {
			isa = PBXSourcesBuildPhase;
			buildActionMask = 2147483647;
			files = (
			);
			runOnlyForDeploymentPostprocessing = 0;
		};
		41F947A22D85B4EA00F1C6F9 /* Sources */ = {
			isa = PBXSourcesBuildPhase;
			buildActionMask = 2147483647;
			files = (
			);
			runOnlyForDeploymentPostprocessing = 0;
		};
		41F947AC2D85B4EA00F1C6F9 /* Sources */ = {
			isa = PBXSourcesBuildPhase;
			buildActionMask = 2147483647;
			files = (
			);
			runOnlyForDeploymentPostprocessing = 0;
		};
		41F947B82D85B4EA00F1C6F9 /* Sources */ = {
			isa = PBXSourcesBuildPhase;
			buildActionMask = 2147483647;
			files = (
			);
			runOnlyForDeploymentPostprocessing = 0;
		};
		41F947CA2D85B4EB00F1C6F9 /* Sources */ = {
			isa = PBXSourcesBuildPhase;
			buildActionMask = 2147483647;
			files = (
			);
			runOnlyForDeploymentPostprocessing = 0;
		};
		41F947D42D85B4EB00F1C6F9 /* Sources */ = {
			isa = PBXSourcesBuildPhase;
			buildActionMask = 2147483647;
			files = (
			);
			runOnlyForDeploymentPostprocessing = 0;
		};
/* End PBXSourcesBuildPhase section */

/* Begin PBXTargetDependency section */
		41F947A82D85B4EA00F1C6F9 /* PBXTargetDependency */ = {
			isa = PBXTargetDependency;
			target = 41F947952D85B4E900F1C6F9 /* Black Screen Project */;
			targetProxy = 41F947A72D85B4EA00F1C6F9 /* PBXContainerItemProxy */;
		};
		41F947B22D85B4EA00F1C6F9 /* PBXTargetDependency */ = {
			isa = PBXTargetDependency;
			target = 41F947952D85B4E900F1C6F9 /* Black Screen Project */;
			targetProxy = 41F947B12D85B4EA00F1C6F9 /* PBXContainerItemProxy */;
		};
		41F947BF2D85B4EA00F1C6F9 /* PBXTargetDependency */ = {
			isa = PBXTargetDependency;
			target = 41F947BB2D85B4EA00F1C6F9 /* Black Screen Project Watch App */;
			targetProxy = 41F947BE2D85B4EA00F1C6F9 /* PBXContainerItemProxy */;
		};
		41F947D02D85B4EB00F1C6F9 /* PBXTargetDependency */ = {
			isa = PBXTargetDependency;
			target = 41F947BB2D85B4EA00F1C6F9 /* Black Screen Project Watch App */;
			targetProxy = 41F947CF2D85B4EB00F1C6F9 /* PBXContainerItemProxy */;
		};
		41F947DA2D85B4EB00F1C6F9 /* PBXTargetDependency */ = {
			isa = PBXTargetDependency;
			target = 41F947BB2D85B4EA00F1C6F9 /* Black Screen Project Watch App */;
			targetProxy = 41F947D92D85B4EB00F1C6F9 /* PBXContainerItemProxy */;
		};
/* End PBXTargetDependency section */

/* Begin XCBuildConfiguration section */
		41F947E02D85B4EB00F1C6F9 /* Debug */ = {
			isa = XCBuildConfiguration;
			buildSettings = {
				ALWAYS_SEARCH_USER_PATHS = NO;
				ASSETCATALOG_COMPILER_GENERATE_SWIFT_ASSET_SYMBOL_EXTENSIONS = YES;
				CLANG_ANALYZER_NONNULL = YES;
				CLANG_ANALYZER_NUMBER_OBJECT_CONVERSION = YES_AGGRESSIVE;
				CLANG_CXX_LANGUAGE_STANDARD = "gnu++20";
				CLANG_ENABLE_MODULES = YES;
				CLANG_ENABLE_OBJC_ARC = YES;
				CLANG_ENABLE_OBJC_WEAK = YES;
				CLANG_WARN_BLOCK_CAPTURE_AUTORELEASING = YES;
				CLANG_WARN_BOOL_CONVERSION = YES;
				CLANG_WARN_COMMA = YES;
				CLANG_WARN_CONSTANT_CONVERSION = YES;
				CLANG_WARN_DEPRECATED_OBJC_IMPLEMENTATIONS = YES;
				CLANG_WARN_DIRECT_OBJC_ISA_USAGE = YES_ERROR;
				CLANG_WARN_DOCUMENTATION_COMMENTS = YES;
				CLANG_WARN_EMPTY_BODY = YES;
				CLANG_WARN_ENUM_CONVERSION = YES;
				CLANG_WARN_INFINITE_RECURSION = YES;
				CLANG_WARN_INT_CONVERSION = YES;
				CLANG_WARN_NON_LITERAL_NULL_CONVERSION = YES;
				CLANG_WARN_OBJC_IMPLICIT_RETAIN_SELF = YES;
				CLANG_WARN_OBJC_LITERAL_CONVERSION = YES;
				CLANG_WARN_OBJC_ROOT_CLASS = YES_ERROR;
				CLANG_WARN_QUOTED_INCLUDE_IN_FRAMEWORK_HEADER = YES;
				CLANG_WARN_RANGE_LOOP_ANALYSIS = YES;
				CLANG_WARN_STRICT_PROTOTYPES = YES;
				CLANG_WARN_SUSPICIOUS_MOVE = YES;
				CLANG_WARN_UNGUARDED_AVAILABILITY = YES_AGGRESSIVE;
				CLANG_WARN_UNREACHABLE_CODE = YES;
				CLANG_WARN__DUPLICATE_METHOD_MATCH = YES;
				COPY_PHASE_STRIP = NO;
				DEBUG_INFORMATION_FORMAT = dwarf;
				ENABLE_STRICT_OBJC_MSGSEND = YES;
				ENABLE_TESTABILITY = YES;
				ENABLE_USER_SCRIPT_SANDBOXING = YES;
				GCC_C_LANGUAGE_STANDARD = gnu17;
				GCC_DYNAMIC_NO_PIC = NO;
				GCC_NO_COMMON_BLOCKS = YES;
				GCC_OPTIMIZATION_LEVEL = 0;
				GCC_PREPROCESSOR_DEFINITIONS = (
					"DEBUG=1",
					"$(inherited)",
				);
				GCC_WARN_64_TO_32_BIT_CONVERSION = YES;
				GCC_WARN_ABOUT_RETURN_TYPE = YES_ERROR;
				GCC_WARN_UNDECLARED_SELECTOR = YES;
				GCC_WARN_UNINITIALIZED_AUTOS = YES_AGGRESSIVE;
				GCC_WARN_UNUSED_FUNCTION = YES;
				GCC_WARN_UNUSED_VARIABLE = YES;
				LOCALIZATION_PREFERS_STRING_CATALOGS = YES;
				MTL_ENABLE_DEBUG_INFO = INCLUDE_SOURCE;
				MTL_FAST_MATH = YES;
				ONLY_ACTIVE_ARCH = YES;
				SWIFT_ACTIVE_COMPILATION_CONDITIONS = "DEBUG $(inherited)";
				SWIFT_OPTIMIZATION_LEVEL = "-Onone";
			};
			name = Debug;
		};
		41F947E12D85B4EB00F1C6F9 /* Release */ = {
			isa = XCBuildConfiguration;
			buildSettings = {
				ALWAYS_SEARCH_USER_PATHS = NO;
				ASSETCATALOG_COMPILER_GENERATE_SWIFT_ASSET_SYMBOL_EXTENSIONS = YES;
				CLANG_ANALYZER_NONNULL = YES;
				CLANG_ANALYZER_NUMBER_OBJECT_CONVERSION = YES_AGGRESSIVE;
				CLANG_CXX_LANGUAGE_STANDARD = "gnu++20";
				CLANG_ENABLE_MODULES = YES;
				CLANG_ENABLE_OBJC_ARC = YES;
				CLANG_ENABLE_OBJC_WEAK = YES;
				CLANG_WARN_BLOCK_CAPTURE_AUTORELEASING = YES;
				CLANG_WARN_BOOL_CONVERSION = YES;
				CLANG_WARN_COMMA = YES;
				CLANG_WARN_CONSTANT_CONVERSION = YES;
				CLANG_WARN_DEPRECATED_OBJC_IMPLEMENTATIONS = YES;
				CLANG_WARN_DIRECT_OBJC_ISA_USAGE = YES_ERROR;
				CLANG_WARN_DOCUMENTATION_COMMENTS = YES;
				CLANG_WARN_EMPTY_BODY = YES;
				CLANG_WARN_ENUM_CONVERSION = YES;
				CLANG_WARN_INFINITE_RECURSION = YES;
				CLANG_WARN_INT_CONVERSION = YES;
				CLANG_WARN_NON_LITERAL_NULL_CONVERSION = YES;
				CLANG_WARN_OBJC_IMPLICIT_RETAIN_SELF = YES;
				CLANG_WARN_OBJC_LITERAL_CONVERSION = YES;
				CLANG_WARN_OBJC_ROOT_CLASS = YES_ERROR;
				CLANG_WARN_QUOTED_INCLUDE_IN_FRAMEWORK_HEADER = YES;
				CLANG_WARN_RANGE_LOOP_ANALYSIS = YES;
				CLANG_WARN_STRICT_PROTOTYPES = YES;
				CLANG_WARN_SUSPICIOUS_MOVE = YES;
				CLANG_WARN_UNGUARDED_AVAILABILITY = YES_AGGRESSIVE;
				CLANG_WARN_UNREACHABLE_CODE = YES;
				CLANG_WARN__DUPLICATE_METHOD_MATCH = YES;
				COPY_PHASE_STRIP = NO;
				DEBUG_INFORMATION_FORMAT = "dwarf-with-dsym";
				ENABLE_NS_ASSERTIONS = NO;
				ENABLE_STRICT_OBJC_MSGSEND = YES;
				ENABLE_USER_SCRIPT_SANDBOXING = YES;
				GCC_C_LANGUAGE_STANDARD = gnu17;
				GCC_NO_COMMON_BLOCKS = YES;
				GCC_WARN_64_TO_32_BIT_CONVERSION = YES;
				GCC_WARN_ABOUT_RETURN_TYPE = YES_ERROR;
				GCC_WARN_UNDECLARED_SELECTOR = YES;
				GCC_WARN_UNINITIALIZED_AUTOS = YES_AGGRESSIVE;
				GCC_WARN_UNUSED_FUNCTION = YES;
				GCC_WARN_UNUSED_VARIABLE = YES;
				LOCALIZATION_PREFERS_STRING_CATALOGS = YES;
				MTL_ENABLE_DEBUG_INFO = NO;
				MTL_FAST_MATH = YES;
				SWIFT_COMPILATION_MODE = wholemodule;
			};
			name = Release;
		};
		41F947E32D85B4EB00F1C6F9 /* Debug */ = {
			isa = XCBuildConfiguration;
			buildSettings = {
				ASSETCATALOG_COMPILER_APPICON_NAME = AppIcon;
				ASSETCATALOG_COMPILER_GLOBAL_ACCENT_COLOR_NAME = AccentColor;
				CODE_SIGN_STYLE = Automatic;
				CURRENT_PROJECT_VERSION = 1;
				DEVELOPMENT_ASSET_PATHS = "\"Black Screen Project Watch App/Preview Content\"";
				DEVELOPMENT_TEAM = UMUY42SK8G;
				ENABLE_PREVIEWS = YES;
				GENERATE_INFOPLIST_FILE = YES;
				INFOPLIST_KEY_CFBundleDisplayName = "Black Screen Project";
				INFOPLIST_KEY_UISupportedInterfaceOrientations = "UIInterfaceOrientationPortrait UIInterfaceOrientationPortraitUpsideDown";
				INFOPLIST_KEY_WKCompanionAppBundleIdentifier = "com.ziziapps.Black-Screen-Project";
				LD_RUNPATH_SEARCH_PATHS = (
					"$(inherited)",
					"@executable_path/Frameworks",
				);
				MARKETING_VERSION = 1.0;
				PRODUCT_BUNDLE_IDENTIFIER = "com.ziziapps.Black-Screen-Project.watchkitapp";
				PRODUCT_NAME = "$(TARGET_NAME)";
				SDKROOT = watchos;
				SKIP_INSTALL = YES;
				SWIFT_EMIT_LOC_STRINGS = YES;
				SWIFT_VERSION = 5.0;
				TARGETED_DEVICE_FAMILY = 4;
				WATCHOS_DEPLOYMENT_TARGET = 11.2;
			};
			name = Debug;
		};
		41F947E42D85B4EB00F1C6F9 /* Release */ = {
			isa = XCBuildConfiguration;
			buildSettings = {
				ASSETCATALOG_COMPILER_APPICON_NAME = AppIcon;
				ASSETCATALOG_COMPILER_GLOBAL_ACCENT_COLOR_NAME = AccentColor;
				CODE_SIGN_STYLE = Automatic;
				CURRENT_PROJECT_VERSION = 1;
				DEVELOPMENT_ASSET_PATHS = "\"Black Screen Project Watch App/Preview Content\"";
				DEVELOPMENT_TEAM = UMUY42SK8G;
				ENABLE_PREVIEWS = YES;
				GENERATE_INFOPLIST_FILE = YES;
				INFOPLIST_KEY_CFBundleDisplayName = "Black Screen Project";
				INFOPLIST_KEY_UISupportedInterfaceOrientations = "UIInterfaceOrientationPortrait UIInterfaceOrientationPortraitUpsideDown";
				INFOPLIST_KEY_WKCompanionAppBundleIdentifier = "com.ziziapps.Black-Screen-Project";
				LD_RUNPATH_SEARCH_PATHS = (
					"$(inherited)",
					"@executable_path/Frameworks",
				);
				MARKETING_VERSION = 1.0;
				PRODUCT_BUNDLE_IDENTIFIER = "com.ziziapps.Black-Screen-Project.watchkitapp";
				PRODUCT_NAME = "$(TARGET_NAME)";
				SDKROOT = watchos;
				SKIP_INSTALL = YES;
				SWIFT_EMIT_LOC_STRINGS = YES;
				SWIFT_VERSION = 5.0;
				TARGETED_DEVICE_FAMILY = 4;
				VALIDATE_PRODUCT = YES;
				WATCHOS_DEPLOYMENT_TARGET = 11.2;
			};
			name = Release;
		};
		41F947E72D85B4EB00F1C6F9 /* Debug */ = {
			isa = XCBuildConfiguration;
			buildSettings = {
				ASSETCATALOG_COMPILER_APPICON_NAME = AppIcon;
				ASSETCATALOG_COMPILER_GLOBAL_ACCENT_COLOR_NAME = AccentColor;
				CODE_SIGN_STYLE = Automatic;
				CURRENT_PROJECT_VERSION = 1;
				DEVELOPMENT_ASSET_PATHS = "\"Black Screen Project/Preview Content\"";
				DEVELOPMENT_TEAM = UMUY42SK8G;
				ENABLE_PREVIEWS = YES;
				GENERATE_INFOPLIST_FILE = YES;
				INFOPLIST_KEY_CFBundleDisplayName = "Black Screen Project";
				INFOPLIST_KEY_UIApplicationSceneManifest_Generation = YES;
				INFOPLIST_KEY_UIApplicationSupportsIndirectInputEvents = YES;
				INFOPLIST_KEY_UILaunchScreen_Generation = YES;
				INFOPLIST_KEY_UISupportedInterfaceOrientations_iPad = "UIInterfaceOrientationPortrait UIInterfaceOrientationPortraitUpsideDown UIInterfaceOrientationLandscapeLeft UIInterfaceOrientationLandscapeRight";
				INFOPLIST_KEY_UISupportedInterfaceOrientations_iPhone = "UIInterfaceOrientationPortrait UIInterfaceOrientationLandscapeLeft UIInterfaceOrientationLandscapeRight";
				IPHONEOS_DEPLOYMENT_TARGET = 18.2;
				LD_RUNPATH_SEARCH_PATHS = (
					"$(inherited)",
					"@executable_path/Frameworks",
				);
				MARKETING_VERSION = 1.0;
				PRODUCT_BUNDLE_IDENTIFIER = "com.ziziapps.Black-Screen-Project";
				PRODUCT_NAME = "$(TARGET_NAME)";
				SDKROOT = iphoneos;
				SWIFT_EMIT_LOC_STRINGS = YES;
				SWIFT_VERSION = 5.0;
				TARGETED_DEVICE_FAMILY = "1,2";
			};
			name = Debug;
		};
		41F947E82D85B4EB00F1C6F9 /* Release */ = {
			isa = XCBuildConfiguration;
			buildSettings = {
				ASSETCATALOG_COMPILER_APPICON_NAME = AppIcon;
				ASSETCATALOG_COMPILER_GLOBAL_ACCENT_COLOR_NAME = AccentColor;
				CODE_SIGN_STYLE = Automatic;
				CURRENT_PROJECT_VERSION = 1;
				DEVELOPMENT_ASSET_PATHS = "\"Black Screen Project/Preview Content\"";
				DEVELOPMENT_TEAM = UMUY42SK8G;
				ENABLE_PREVIEWS = YES;
				GENERATE_INFOPLIST_FILE = YES;
				INFOPLIST_KEY_CFBundleDisplayName = "Black Screen Project";
				INFOPLIST_KEY_UIApplicationSceneManifest_Generation = YES;
				INFOPLIST_KEY_UIApplicationSupportsIndirectInputEvents = YES;
				INFOPLIST_KEY_UILaunchScreen_Generation = YES;
				INFOPLIST_KEY_UISupportedInterfaceOrientations_iPad = "UIInterfaceOrientationPortrait UIInterfaceOrientationPortraitUpsideDown UIInterfaceOrientationLandscapeLeft UIInterfaceOrientationLandscapeRight";
				INFOPLIST_KEY_UISupportedInterfaceOrientations_iPhone = "UIInterfaceOrientationPortrait UIInterfaceOrientationLandscapeLeft UIInterfaceOrientationLandscapeRight";
				IPHONEOS_DEPLOYMENT_TARGET = 18.2;
				LD_RUNPATH_SEARCH_PATHS = (
					"$(inherited)",
					"@executable_path/Frameworks",
				);
				MARKETING_VERSION = 1.0;
				PRODUCT_BUNDLE_IDENTIFIER = "com.ziziapps.Black-Screen-Project";
				PRODUCT_NAME = "$(TARGET_NAME)";
				SDKROOT = iphoneos;
				SWIFT_EMIT_LOC_STRINGS = YES;
				SWIFT_VERSION = 5.0;
				TARGETED_DEVICE_FAMILY = "1,2";
				VALIDATE_PRODUCT = YES;
			};
			name = Release;
		};
		41F947EA2D85B4EB00F1C6F9 /* Debug */ = {
			isa = XCBuildConfiguration;
			buildSettings = {
				BUNDLE_LOADER = "$(TEST_HOST)";
				CODE_SIGN_STYLE = Automatic;
				CURRENT_PROJECT_VERSION = 1;
				DEVELOPMENT_TEAM = UMUY42SK8G;
				GENERATE_INFOPLIST_FILE = YES;
				IPHONEOS_DEPLOYMENT_TARGET = 18.2;
				MARKETING_VERSION = 1.0;
				PRODUCT_BUNDLE_IDENTIFIER = "com.ziziapps.Black-Screen-ProjectTests";
				PRODUCT_NAME = "$(TARGET_NAME)";
				SDKROOT = iphoneos;
				SWIFT_EMIT_LOC_STRINGS = NO;
				SWIFT_VERSION = 5.0;
				TARGETED_DEVICE_FAMILY = "1,2";
				TEST_HOST = "$(BUILT_PRODUCTS_DIR)/Black Screen Project.app/$(BUNDLE_EXECUTABLE_FOLDER_PATH)/Black Screen Project";
			};
			name = Debug;
		};
		41F947EB2D85B4EB00F1C6F9 /* Release */ = {
			isa = XCBuildConfiguration;
			buildSettings = {
				BUNDLE_LOADER = "$(TEST_HOST)";
				CODE_SIGN_STYLE = Automatic;
				CURRENT_PROJECT_VERSION = 1;
				DEVELOPMENT_TEAM = UMUY42SK8G;
				GENERATE_INFOPLIST_FILE = YES;
				IPHONEOS_DEPLOYMENT_TARGET = 18.2;
				MARKETING_VERSION = 1.0;
				PRODUCT_BUNDLE_IDENTIFIER = "com.ziziapps.Black-Screen-ProjectTests";
				PRODUCT_NAME = "$(TARGET_NAME)";
				SDKROOT = iphoneos;
				SWIFT_EMIT_LOC_STRINGS = NO;
				SWIFT_VERSION = 5.0;
				TARGETED_DEVICE_FAMILY = "1,2";
				TEST_HOST = "$(BUILT_PRODUCTS_DIR)/Black Screen Project.app/$(BUNDLE_EXECUTABLE_FOLDER_PATH)/Black Screen Project";
				VALIDATE_PRODUCT = YES;
			};
			name = Release;
		};
		41F947ED2D85B4EB00F1C6F9 /* Debug */ = {
			isa = XCBuildConfiguration;
			buildSettings = {
				CODE_SIGN_STYLE = Automatic;
				CURRENT_PROJECT_VERSION = 1;
				DEVELOPMENT_TEAM = UMUY42SK8G;
				GENERATE_INFOPLIST_FILE = YES;
				IPHONEOS_DEPLOYMENT_TARGET = 18.2;
				MARKETING_VERSION = 1.0;
				PRODUCT_BUNDLE_IDENTIFIER = "com.ziziapps.Black-Screen-ProjectUITests";
				PRODUCT_NAME = "$(TARGET_NAME)";
				SDKROOT = iphoneos;
				SWIFT_EMIT_LOC_STRINGS = NO;
				SWIFT_VERSION = 5.0;
				TARGETED_DEVICE_FAMILY = "1,2";
				TEST_TARGET_NAME = "Black Screen Project";
			};
			name = Debug;
		};
		41F947EE2D85B4EB00F1C6F9 /* Release */ = {
			isa = XCBuildConfiguration;
			buildSettings = {
				CODE_SIGN_STYLE = Automatic;
				CURRENT_PROJECT_VERSION = 1;
				DEVELOPMENT_TEAM = UMUY42SK8G;
				GENERATE_INFOPLIST_FILE = YES;
				IPHONEOS_DEPLOYMENT_TARGET = 18.2;
				MARKETING_VERSION = 1.0;
				PRODUCT_BUNDLE_IDENTIFIER = "com.ziziapps.Black-Screen-ProjectUITests";
				PRODUCT_NAME = "$(TARGET_NAME)";
				SDKROOT = iphoneos;
				SWIFT_EMIT_LOC_STRINGS = NO;
				SWIFT_VERSION = 5.0;
				TARGETED_DEVICE_FAMILY = "1,2";
				TEST_TARGET_NAME = "Black Screen Project";
				VALIDATE_PRODUCT = YES;
			};
			name = Release;
		};
		41F947F02D85B4EB00F1C6F9 /* Debug */ = {
			isa = XCBuildConfiguration;
			buildSettings = {
				BUNDLE_LOADER = "$(TEST_HOST)";
				CODE_SIGN_STYLE = Automatic;
				CURRENT_PROJECT_VERSION = 1;
				DEVELOPMENT_TEAM = UMUY42SK8G;
				GENERATE_INFOPLIST_FILE = YES;
				MARKETING_VERSION = 1.0;
				PRODUCT_BUNDLE_IDENTIFIER = "com.ziziapps.Black-Screen-Project-Watch-AppTests";
				PRODUCT_NAME = "$(TARGET_NAME)";
				SDKROOT = watchos;
				SWIFT_EMIT_LOC_STRINGS = NO;
				SWIFT_VERSION = 5.0;
				TARGETED_DEVICE_FAMILY = 4;
				TEST_HOST = "$(BUILT_PRODUCTS_DIR)/Black Screen Project Watch App.app/$(BUNDLE_EXECUTABLE_FOLDER_PATH)/Black Screen Project Watch App";
				WATCHOS_DEPLOYMENT_TARGET = 11.2;
			};
			name = Debug;
		};
		41F947F12D85B4EB00F1C6F9 /* Release */ = {
			isa = XCBuildConfiguration;
			buildSettings = {
				BUNDLE_LOADER = "$(TEST_HOST)";
				CODE_SIGN_STYLE = Automatic;
				CURRENT_PROJECT_VERSION = 1;
				DEVELOPMENT_TEAM = UMUY42SK8G;
				GENERATE_INFOPLIST_FILE = YES;
				MARKETING_VERSION = 1.0;
				PRODUCT_BUNDLE_IDENTIFIER = "com.ziziapps.Black-Screen-Project-Watch-AppTests";
				PRODUCT_NAME = "$(TARGET_NAME)";
				SDKROOT = watchos;
				SWIFT_EMIT_LOC_STRINGS = NO;
				SWIFT_VERSION = 5.0;
				TARGETED_DEVICE_FAMILY = 4;
				TEST_HOST = "$(BUILT_PRODUCTS_DIR)/Black Screen Project Watch App.app/$(BUNDLE_EXECUTABLE_FOLDER_PATH)/Black Screen Project Watch App";
				VALIDATE_PRODUCT = YES;
				WATCHOS_DEPLOYMENT_TARGET = 11.2;
			};
			name = Release;
		};
		41F947F32D85B4EB00F1C6F9 /* Debug */ = {
			isa = XCBuildConfiguration;
			buildSettings = {
				CODE_SIGN_STYLE = Automatic;
				CURRENT_PROJECT_VERSION = 1;
				DEVELOPMENT_TEAM = UMUY42SK8G;
				GENERATE_INFOPLIST_FILE = YES;
				MARKETING_VERSION = 1.0;
				PRODUCT_BUNDLE_IDENTIFIER = "com.ziziapps.Black-Screen-Project-Watch-AppUITests";
				PRODUCT_NAME = "$(TARGET_NAME)";
				SDKROOT = watchos;
				SWIFT_EMIT_LOC_STRINGS = NO;
				SWIFT_VERSION = 5.0;
				TARGETED_DEVICE_FAMILY = 4;
				TEST_TARGET_NAME = "Black Screen Project Watch App";
				WATCHOS_DEPLOYMENT_TARGET = 11.2;
			};
			name = Debug;
		};
		41F947F42D85B4EB00F1C6F9 /* Release */ = {
			isa = XCBuildConfiguration;
			buildSettings = {
				CODE_SIGN_STYLE = Automatic;
				CURRENT_PROJECT_VERSION = 1;
				DEVELOPMENT_TEAM = UMUY42SK8G;
				GENERATE_INFOPLIST_FILE = YES;
				MARKETING_VERSION = 1.0;
				PRODUCT_BUNDLE_IDENTIFIER = "com.ziziapps.Black-Screen-Project-Watch-AppUITests";
				PRODUCT_NAME = "$(TARGET_NAME)";
				SDKROOT = watchos;
				SWIFT_EMIT_LOC_STRINGS = NO;
				SWIFT_VERSION = 5.0;
				TARGETED_DEVICE_FAMILY = 4;
				TEST_TARGET_NAME = "Black Screen Project Watch App";
				VALIDATE_PRODUCT = YES;
				WATCHOS_DEPLOYMENT_TARGET = 11.2;
			};
			name = Release;
		};
/* End XCBuildConfiguration section */

/* Begin XCConfigurationList section */
		41F947912D85B4E900F1C6F9 /* Build configuration list for PBXProject "Black Screen Project" */ = {
			isa = XCConfigurationList;
			buildConfigurations = (
				41F947E02D85B4EB00F1C6F9 /* Debug */,
				41F947E12D85B4EB00F1C6F9 /* Release */,
			);
			defaultConfigurationIsVisible = 0;
			defaultConfigurationName = Release;
		};
		41F947E22D85B4EB00F1C6F9 /* Build configuration list for PBXNativeTarget "Black Screen Project Watch App" */ = {
			isa = XCConfigurationList;
			buildConfigurations = (
				41F947E32D85B4EB00F1C6F9 /* Debug */,
				41F947E42D85B4EB00F1C6F9 /* Release */,
			);
			defaultConfigurationIsVisible = 0;
			defaultConfigurationName = Release;
		};
		41F947E62D85B4EB00F1C6F9 /* Build configuration list for PBXNativeTarget "Black Screen Project" */ = {
			isa = XCConfigurationList;
			buildConfigurations = (
				41F947E72D85B4EB00F1C6F9 /* Debug */,
				41F947E82D85B4EB00F1C6F9 /* Release */,
			);
			defaultConfigurationIsVisible = 0;
			defaultConfigurationName = Release;
		};
		41F947E92D85B4EB00F1C6F9 /* Build configuration list for PBXNativeTarget "Black Screen ProjectTests" */ = {
			isa = XCConfigurationList;
			buildConfigurations = (
				41F947EA2D85B4EB00F1C6F9 /* Debug */,
				41F947EB2D85B4EB00F1C6F9 /* Release */,
			);
			defaultConfigurationIsVisible = 0;
			defaultConfigurationName = Release;
		};
		41F947EC2D85B4EB00F1C6F9 /* Build configuration list for PBXNativeTarget "Black Screen ProjectUITests" */ = {
			isa = XCConfigurationList;
			buildConfigurations = (
				41F947ED2D85B4EB00F1C6F9 /* Debug */,
				41F947EE2D85B4EB00F1C6F9 /* Release */,
			);
			defaultConfigurationIsVisible = 0;
			defaultConfigurationName = Release;
		};
		41F947EF2D85B4EB00F1C6F9 /* Build configuration list for PBXNativeTarget "Black Screen Project Watch AppTests" */ = {
			isa = XCConfigurationList;
			buildConfigurations = (
				41F947F02D85B4EB00F1C6F9 /* Debug */,
				41F947F12D85B4EB00F1C6F9 /* Release */,
			);
			defaultConfigurationIsVisible = 0;
			defaultConfigurationName = Release;
		};
		41F947F22D85B4EB00F1C6F9 /* Build configuration list for PBXNativeTarget "Black Screen Project Watch AppUITests" */ = {
			isa = XCConfigurationList;
			buildConfigurations = (
				41F947F32D85B4EB00F1C6F9 /* Debug */,
				41F947F42D85B4EB00F1C6F9 /* Release */,
			);
			defaultConfigurationIsVisible = 0;
			defaultConfigurationName = Release;
		};
/* End XCConfigurationList section */
	};
	rootObject = 41F9478E2D85B4E900F1C6F9 /* Project object */;
}
